# This file is autogenerated, do not edit; changes may be undone by the next 'dep ensure'.


[[projects]]
  branch = "master"
  digest = "1:23e72338cc48f4e1e3966dd819cca2ccb29a65870dbe8f33241ed63569de6aa1"
  name = "github.com/paulhindemith/dev-infra"
  packages = ["hack/boilerplate"]
  pruneopts = "UT"
  revision = "8ad1a97faa28d9a64e58eabef23eb6ac0731fed0"

[[projects]]
  digest = "1:a77372d338133141995b467abb78dc34b98487416000d57bfd20de5943611222"
  name = "k8s.io/apimachinery"
  packages = [
    "pkg/util/runtime",
    "pkg/util/wait",
  ]
  pruneopts = "NUT"
  revision = "79c2a76c473a20cdc4ce59cae4b72529b5d9d16b"
  version = "v0.17.2"

[[projects]]
  digest = "1:c0693cb981f43d82a767a3217b7640a4bdb341731d3814b38602f4e5dc4f01b3"
  name = "k8s.io/klog"
  packages = ["."]
  pruneopts = "NUT"
  revision = "2ca9ad30301bf30a8a6e0fa2110db6b8df699a91"
  version = "v1.0.0"

[[projects]]
  branch = "master"
  digest = "1:2cb4c0b755d93f2851e5ee6a1f0728a3c94c95ad3137b6470c8d787bef04130c"
  name = "knative.dev/test-infra"
  packages = ["scripts"]
  pruneopts = "UT"
  revision = "ee08b33b3cf07d7cae113e0b66cd7bbcc8c6ca43"

[solve-meta]
  analyzer-name = "dep"
  analyzer-version = 1
  input-imports = [
    "github.com/paulhindemith/dev-infra/hack/boilerplate",
    "k8s.io/apimachinery/pkg/util/wait",
    "knative.dev/test-infra/scripts",
  ]
  solver-name = "gps-cdcl"
  solver-version = 1
